schema: '2.0'
stages:
  load_data:
    cmd: python src/load_data.py
    deps:
    - path: src/load_data.py
      hash: md5
      md5: 29030551094995d3e711c750a91b1080
      size: 3494
    params:
      params.yaml:
        base.seed: 42
        load_data:
          source: download
          local_path:
          s3_uri:
        paths.raw_dir: data/raw
    outs:
    - path: data/raw/X_test.npy
      hash: md5
      md5: 4156b9580740fd6c4b4d9e769559ff1f
      size: 7840128
    - path: data/raw/X_train.npy
      hash: md5
      md5: ae10a82bc1b876b714fcf03a1b657f7c
      size: 47040128
    - path: data/raw/y_test.npy
      hash: md5
      md5: e6d24ffff98bc973b3c14df1b4a56631
      size: 10128
    - path: data/raw/y_train.npy
      hash: md5
      md5: 2d0fed45dac68b413b0442c431eb4cd0
      size: 60128
