schema: '2.0'
stages:
  load_data:
    cmd: python src/load_data.py
    deps:
    - path: src/load_data.py
      hash: md5
      md5: 909de2b4d4bca2a4a0e0dd6f7f50a6e1
      size: 3523
    params:
      params.yaml:
        base.seed: 42
        load_data:
          source: download
          local_path:
          s3_uri:
        paths.raw_dir: data/raw
    outs:
    - path: data/raw/X_test.npy
      hash: md5
      md5: 4156b9580740fd6c4b4d9e769559ff1f
      size: 7840128
    - path: data/raw/X_train.npy
      hash: md5
      md5: ae10a82bc1b876b714fcf03a1b657f7c
      size: 47040128
    - path: data/raw/y_test.npy
      hash: md5
      md5: e6d24ffff98bc973b3c14df1b4a56631
      size: 10128
    - path: data/raw/y_train.npy
      hash: md5
      md5: 2d0fed45dac68b413b0442c431eb4cd0
      size: 60128
  preprocess:
    cmd: python src/preprocess.py
    deps:
    - path: data/raw/X_test.npy
      hash: md5
      md5: 4156b9580740fd6c4b4d9e769559ff1f
      size: 7840128
    - path: data/raw/X_train.npy
      hash: md5
      md5: ae10a82bc1b876b714fcf03a1b657f7c
      size: 47040128
    - path: data/raw/y_test.npy
      hash: md5
      md5: e6d24ffff98bc973b3c14df1b4a56631
      size: 10128
    - path: data/raw/y_train.npy
      hash: md5
      md5: 2d0fed45dac68b413b0442c431eb4cd0
      size: 60128
    - path: src/preprocess.py
      hash: md5
      md5: 44fe887d3b2088be6f093ca871fae25b
      size: 3120
    params:
      params.yaml:
        base.num_classes: 10
        base.seed: 42
        paths.processed_dir: data/processed
        paths.raw_dir: data/raw
        preprocess:
          normalize: true
          flatten: false
          validation_split: 0.2
    outs:
    - path: data/processed/X_test.npy
      hash: md5
      md5: 81bcdab3e8c01e3a257fa413f3d4bd4d
      size: 31360128
    - path: data/processed/X_train.npy
      hash: md5
      md5: f838577d7d5c9fd940e338c8a837bba0
      size: 150528128
    - path: data/processed/X_val.npy
      hash: md5
      md5: 6632205471b2c5a0946fbf7b2c9e650e
      size: 37632128
    - path: data/processed/y_test.npy
      hash: md5
      md5: e6d24ffff98bc973b3c14df1b4a56631
      size: 10128
    - path: data/processed/y_train.npy
      hash: md5
      md5: b911232a7c0ead5060f08ac3b7f95733
      size: 48128
    - path: data/processed/y_val.npy
      hash: md5
      md5: 3a1c8fe061fff9607e8da03cbb968a78
      size: 12128
  train:
    cmd: python src/train.py
    deps:
    - path: configs/cnn_basic.yml
      hash: md5
      md5: 3c187a86e8035f84428bb1c8fa2d4482
      size: 503
    - path: data/processed/X_train.npy
      hash: md5
      md5: f838577d7d5c9fd940e338c8a837bba0
      size: 150528128
    - path: data/processed/X_val.npy
      hash: md5
      md5: 6632205471b2c5a0946fbf7b2c9e650e
      size: 37632128
    - path: data/processed/y_train.npy
      hash: md5
      md5: b911232a7c0ead5060f08ac3b7f95733
      size: 48128
    - path: data/processed/y_val.npy
      hash: md5
      md5: 3a1c8fe061fff9607e8da03cbb968a78
      size: 12128
    - path: src/builder.py
      hash: md5
      md5: c0da25a5f2bfb1124053b6acf0d09e89
      size: 5262
    - path: src/train.py
      hash: md5
      md5: 76ae555f7327dd390ccb0ba7a5ad2dec
      size: 4956
    params:
      params.yaml:
        base.dropout: 0.3
        base.num_classes: 10
        base.seed: 42
        paths.dvclive_dir: dvclive
        paths.models_dir: models
        paths.processed_dir: data/processed
        train:
          arch_config: configs/cnn_basic.yml
          epochs: 1
          batch_size: 64
          lr: 0.001
          optimizer: adam
    outs:
    - path: models/model.keras
      hash: md5
      md5: 25d23781d6257c8ecbd6251dc9e3539c
      size: 5103023
  evaluate:
    cmd: python src/evaluate.py
    deps:
    - path: data/processed/X_test.npy
      hash: md5
      md5: 81bcdab3e8c01e3a257fa413f3d4bd4d
      size: 31360128
    - path: data/processed/y_test.npy
      hash: md5
      md5: e6d24ffff98bc973b3c14df1b4a56631
      size: 10128
    - path: models/model.keras
      hash: md5
      md5: 25d23781d6257c8ecbd6251dc9e3539c
      size: 5103023
    - path: src/evaluate.py
      hash: md5
      md5: 3f8fbe7ee706f3c79fdcb07480a66ed5
      size: 7600
    params:
      params.yaml:
        base.class_names:
        - T-shirt/top
        - Trouser
        - Pullover
        - Dress
        - Coat
        - Sandal
        - Shirt
        - Sneaker
        - Bag
        - Ankle boot
        base.num_classes: 10
        evaluate:
          save_confusion_matrix: true
          save_classification_report: true
        paths.metrics_dir: metrics
        paths.models_dir: models
        paths.processed_dir: data/processed
    outs:
    - path: metrics/accuracy_curve.png
      hash: md5
      md5: 18c913bf82d9fe207e6bbf14e5725b7c
      size: 90129
    - path: metrics/confusion_matrix.csv
      hash: md5
      md5: bb1113341a535036a908619a75ae5cc2
      size: 151751
    - path: metrics/confusion_matrix.png
      hash: md5
      md5: 446e233f3b96a7c409a606257e6383a8
      size: 83350
    - path: metrics/eval.json
      hash: md5
      md5: e91ade403d8163a45247e45c9d850714
      size: 128
    - path: metrics/loss_curve.png
      hash: md5
      md5: 58b83f11289abbb1cf5c0ebe49460aac
      size: 81566
